{
    "_readme": [
        "This file locks the dependencies of your project to a known state",
        "Read more about it at https://getcomposer.org/doc/01-basic-usage.md#installing-dependencies",
        "This file is @generated automatically"
    ],
    "content-hash": "2fcdfbd05a68e7d005c458d0d97ccc7c",
    "packages": [
        {
            "name": "kovey/container",
            "version": "v2.0.5",
            "source": {
                "type": "git",
                "url": "https://github.com/kovey/container.git",
                "reference": "1649659339578f80596437062274dbb4d6a7f877"
            },
            "dist": {
                "type": "zip",
                "url": "https://api.github.com/repos/kovey/container/zipball/1649659339578f80596437062274dbb4d6a7f877",
                "reference": "1649659339578f80596437062274dbb4d6a7f877",
                "shasum": "",
                "mirrors": [
                    {
                        "url": "https://mirrors.aliyun.com/composer/dists/%package%/%reference%.%type%",
                        "preferred": true
                    }
                ]
            },
            "require": {
                "kovey/event": "^1.0",
                "kovey/validator": "^1.0",
                "php": "^8.0"
            },
            "require-dev": {
                "phpunit/phpunit": "^9.3"
            },
            "type": "library",
            "autoload": {
                "psr-4": {
                    "Kovey\\Container\\": "src/"
                }
            },
            "notification-url": "https://packagist.org/downloads/",
            "license": [
                "Apache-2.0"
            ],
            "authors": [
                {
                    "name": "Kovey",
                    "email": "kovey@vip.qq.com",
                    "role": "developer"
                }
            ],
            "description": "Container Of The Kovey Framework",
            "keywords": [
                "container",
                "framework",
                "kovey",
                "php"
            ],
            "support": {
                "issues": "https://github.com/kovey/container/issues",
                "source": "https://github.com/kovey/container/tree/v2.0.5"
            },
            "time": "2021-07-08T10:18:41+00:00"
        },
        {
            "name": "kovey/cronjob",
            "version": "v1.0.3",
            "source": {
                "type": "git",
                "url": "https://github.com/kovey/cronjob.git",
                "reference": "cea049fd45521ba10c1929cbb1508b381d6dd7ec"
            },
            "dist": {
                "type": "zip",
                "url": "https://api.github.com/repos/kovey/cronjob/zipball/cea049fd45521ba10c1929cbb1508b381d6dd7ec",
                "reference": "cea049fd45521ba10c1929cbb1508b381d6dd7ec",
                "shasum": "",
                "mirrors": [
                    {
                        "url": "https://mirrors.aliyun.com/composer/dists/%package%/%reference%.%type%",
                        "preferred": true
                    }
                ]
            },
            "require": {
                "ext-swoole": "^4.6.0",
                "kovey/container": "^2.0",
                "kovey/library": "^2.0",
                "php": "^8.0"
            },
            "type": "library",
            "autoload": {
                "psr-4": {
                    "Kovey\\Cronjob\\": "src/"
                }
            },
            "notification-url": "https://packagist.org/downloads/",
            "description": "cronjob",
            "keywords": [
                "cronjob",
                "kovey"
            ],
            "support": {
                "issues": "https://github.com/kovey/cronjob/issues",
                "source": "https://github.com/kovey/cronjob/tree/v1.0.3"
            },
            "time": "2021-07-16T01:45:02+00:00"
        },
        {
            "name": "kovey/event",
            "version": "v1.0.3",
            "source": {
                "type": "git",
                "url": "https://github.com/kovey/event.git",
                "reference": "7c2b47c70335ca07053b96ce74da35f9a1775773"
            },
            "dist": {
                "type": "zip",
                "url": "https://api.github.com/repos/kovey/event/zipball/7c2b47c70335ca07053b96ce74da35f9a1775773",
                "reference": "7c2b47c70335ca07053b96ce74da35f9a1775773",
                "shasum": "",
                "mirrors": [
                    {
                        "url": "https://mirrors.aliyun.com/composer/dists/%package%/%reference%.%type%",
                        "preferred": true
                    }
                ]
            },
            "require": {
                "php": "^8.0"
            },
            "require-dev": {
                "phpunit/phpunit": "^9.3"
            },
            "type": "library",
            "autoload": {
                "psr-4": {
                    "Kovey\\Event\\": "src/"
                }
            },
            "notification-url": "https://packagist.org/downloads/",
            "license": [
                "Apache-2.0"
            ],
            "authors": [
                {
                    "name": "Kovey",
                    "email": "kovey@vip.qq.com",
                    "role": "developer"
                }
            ],
            "description": "Event Of The Kovey Framework",
            "keywords": [
                "event",
                "framework",
                "kovey",
                "php"
            ],
            "support": {
                "issues": "https://github.com/kovey/event/issues",
                "source": "https://github.com/kovey/event/tree/v1.0.3"
            },
            "time": "2021-03-18T10:36:27+00:00"
        },
        {
            "name": "kovey/library",
            "version": "v2.1.1",
            "source": {
                "type": "git",
                "url": "https://github.com/kovey/library.git",
                "reference": "a979a2c85e2f0337fab64212f5f93404aabcf542"
            },
            "dist": {
                "type": "zip",
                "url": "https://api.github.com/repos/kovey/library/zipball/a979a2c85e2f0337fab64212f5f93404aabcf542",
                "reference": "a979a2c85e2f0337fab64212f5f93404aabcf542",
                "shasum": "",
                "mirrors": [
                    {
                        "url": "https://mirrors.aliyun.com/composer/dists/%package%/%reference%.%type%",
                        "preferred": true
                    }
                ]
            },
            "require": {
                "ext-swoole": "^4.6.0",
                "php": "^8.0"
            },
            "require-dev": {
                "phpunit/phpunit": "^9.3"
            },
            "type": "library",
            "autoload": {
                "psr-4": {
                    "Kovey\\Library\\": "src/"
                },
                "files": [
                    "src/kovey.php"
                ]
            },
            "notification-url": "https://packagist.org/downloads/",
            "license": [
                "Apache-2.0"
            ],
            "authors": [
                {
                    "name": "Kovey",
                    "email": "kovey@vip.qq.com",
                    "role": "developer"
                }
            ],
            "description": "Library Of The Kovey Framework",
            "keywords": [
                "framework",
                "kovey",
                "lib",
                "php"
            ],
            "support": {
                "issues": "https://github.com/kovey/library/issues",
                "source": "https://github.com/kovey/library/tree/v2.1.1"
            },
            "time": "2021-06-28T10:40:31+00:00"
        },
        {
            "name": "kovey/logger",
            "version": "v2.0.5",
            "source": {
                "type": "git",
                "url": "https://github.com/kovey/logger.git",
                "reference": "6d967ab4ceed5b1db86b28cc3f38ad4fa4759b27"
            },
            "dist": {
                "type": "zip",
                "url": "https://api.github.com/repos/kovey/logger/zipball/6d967ab4ceed5b1db86b28cc3f38ad4fa4759b27",
                "reference": "6d967ab4ceed5b1db86b28cc3f38ad4fa4759b27",
                "shasum": "",
                "mirrors": [
                    {
                        "url": "https://mirrors.aliyun.com/composer/dists/%package%/%reference%.%type%",
                        "preferred": true
                    }
                ]
            },
            "require": {
                "ext-swoole": "^4.6.0",
                "php": "^8.0"
            },
            "require-dev": {
                "phpunit/phpunit": "^9.3"
            },
            "type": "library",
            "autoload": {
                "psr-4": {
                    "Kovey\\Logger\\": "src/"
                }
            },
            "notification-url": "https://packagist.org/downloads/",
            "license": [
                "Apache-2.0"
            ],
            "authors": [
                {
                    "name": "Kovey",
                    "email": "kovey@vip.qq.com",
                    "role": "developer"
                }
            ],
            "description": "Logger Of The Kovey Framework",
            "keywords": [
                "framework",
                "kovey",
                "logger",
                "php"
            ],
            "support": {
                "issues": "https://github.com/kovey/logger/issues",
                "source": "https://github.com/kovey/logger/tree/v2.0.5"
            },
            "time": "2021-06-30T08:06:11+00:00"
        },
        {
            "name": "kovey/rpc-client",
            "version": "v2.0.6",
            "source": {
                "type": "git",
                "url": "https://github.com/kovey/rpc-client.git",
                "reference": "8a589abacf3e1dd52ba03506ce24ae48208fbab4"
            },
            "dist": {
                "type": "zip",
                "url": "https://api.github.com/repos/kovey/rpc-client/zipball/8a589abacf3e1dd52ba03506ce24ae48208fbab4",
                "reference": "8a589abacf3e1dd52ba03506ce24ae48208fbab4",
                "shasum": "",
                "mirrors": [
                    {
                        "url": "https://mirrors.aliyun.com/composer/dists/%package%/%reference%.%type%",
                        "preferred": true
                    }
                ]
            },
            "require": {
                "ext-swoole": "^4.6.0",
                "kovey/event": "^1.0",
                "kovey/library": "^2.0",
                "php": "^8.0"
            },
            "require-dev": {
                "phpunit/phpunit": "^9.3"
            },
            "type": "library",
            "autoload": {
                "psr-4": {
                    "Kovey\\Rpc\\Client\\": "src/"
                }
            },
            "notification-url": "https://packagist.org/downloads/",
            "license": [
                "Apache-2.0"
            ],
            "authors": [
                {
                    "name": "Kovey",
                    "email": "kovey@vip.qq.com",
                    "role": "developer"
                }
            ],
            "description": "Rpc Client Of The Kovey Framework",
            "keywords": [
                "client",
                "framework",
                "kovey",
                "php",
                "rpc"
            ],
            "support": {
                "issues": "https://github.com/kovey/rpc-client/issues",
                "source": "https://github.com/kovey/rpc-client/tree/v2.0.6"
            },
            "time": "2021-07-12T10:56:08+00:00"
        },
        {
            "name": "kovey/validator",
            "version": "v1.0.2",
            "source": {
                "type": "git",
                "url": "https://github.com/kovey/validator.git",
                "reference": "f90f08270633700cbff1bc3df8bf11df989c43da"
            },
            "dist": {
                "type": "zip",
                "url": "https://api.github.com/repos/kovey/validator/zipball/f90f08270633700cbff1bc3df8bf11df989c43da",
                "reference": "f90f08270633700cbff1bc3df8bf11df989c43da",
                "shasum": "",
                "mirrors": [
                    {
                        "url": "https://mirrors.aliyun.com/composer/dists/%package%/%reference%.%type%",
                        "preferred": true
                    }
                ]
            },
            "require": {
                "php": "^8.0"
            },
            "require-dev": {
                "phpunit/phpunit": "^9.3"
            },
            "type": "library",
            "autoload": {
                "psr-4": {
                    "Kovey\\Validator\\": "src/"
                }
            },
            "notification-url": "https://packagist.org/downloads/",
            "license": [
                "Apache-2.0"
            ],
            "authors": [
                {
                    "name": "Kovey",
                    "email": "kovey@vip.qq.com",
                    "role": "developer"
                }
            ],
            "description": "Validator Of The Kovey Framework",
            "keywords": [
                "framework",
                "kovey",
                "php",
                "validator"
            ],
            "support": {
                "issues": "https://github.com/kovey/validator/issues",
                "source": "https://github.com/kovey/validator/tree/v1.0.2"
            },
            "time": "2021-01-29T10:21:37+00:00"
        }
    ],
    "packages-dev": [],
    "aliases": [],
    "minimum-stability": "stable",
    "stability-flags": [],
    "prefer-stable": false,
    "prefer-lowest": false,
    "platform": {
        "php": "^8.0",
        "ext-swoole": "^4.6.0"
    },
    "platform-dev": [],
    "plugin-api-version": "2.1.0"
}
